
Microsoft Visual Studio Solution File, Format Version 12.00
# Visual Studio Version 16
VisualStudioVersion = 16.0.31613.86
MinimumVisualStudioVersion = 10.0.40219.1
Project("{FAE04EC0-301F-11D3-BF4B-00C04F79EFBC}") = "BusinessRulesEngine", "BusinessRulesEngine\BusinessRulesEngine.csproj", "{6394FBB0-DC9E-40D9-ACC4-82461DF1C2BB}"
EndProject
Project("{FAE04EC0-301F-11D3-BF4B-00C04F79EFBC}") = "BusinessRulesEngine.Tests", "BusinessRulesEngine.Tests\BusinessRulesEngine.Tests.csproj", "{4A472D26-1770-48BD-B2CB-A3DDAEDCEC25}"
EndProject
Global
	GlobalSection(SolutionConfigurationPlatforms) = preSolution
		Debug|Any CPU = Debug|Any CPU
		Release|Any CPU = Release|Any CPU
	EndGlobalSection
	GlobalSection(ProjectConfigurationPlatforms) = postSolution
		{6394FBB0-DC9E-40D9-ACC4-82461DF1C2BB}.Debug|Any CPU.ActiveCfg = Debug|Any CPU
		{6394FBB0-DC9E-40D9-ACC4-82461DF1C2BB}.Debug|Any CPU.Build.0 = Debug|Any CPU
		{6394FBB0-DC9E-40D9-ACC4-82461DF1C2BB}.Release|Any CPU.ActiveCfg = Release|Any CPU
		{6394FBB0-DC9E-40D9-ACC4-82461DF1C2BB}.Release|Any CPU.Build.0 = Release|Any CPU
		{4A472D26-1770-48BD-B2CB-A3DDAEDCEC25}.Debug|Any CPU.ActiveCfg = Debug|Any CPU
		{4A472D26-1770-48BD-B2CB-A3DDAEDCEC25}.Debug|Any CPU.Build.0 = Debug|Any CPU
		{4A472D26-1770-48BD-B2CB-A3DDAEDCEC25}.Release|Any CPU.ActiveCfg = Release|Any CPU
		{4A472D26-1770-48BD-B2CB-A3DDAEDCEC25}.Release|Any CPU.Build.0 = Release|Any CPU
	EndGlobalSection
	GlobalSection(SolutionProperties) = preSolution
		HideSolutionNode = FALSE
	EndGlobalSection
	GlobalSection(ExtensibilityGlobals) = postSolution
		SolutionGuid = {A2FEC6FF-8E5F-4833-A5BE-C26B31F30804}
	EndGlobalSection
EndGlobal
